
Microsoft Visual Studio Solution File, Format Version 12.00
# Visual Studio for Mac
Project("{FAE04EC0-301F-11D3-BF4B-00C04F79EFBC}") = "brave-new-word", "brave-new-word.csproj", "{A2F49F2B-A483-0059-1CBE-FB0D29C5590E}"
EndProject
Project("{FAE04EC0-301F-11D3-BF4B-00C04F79EFBC}") = "brave-new-word.Editor", "brave-new-word.Editor.csproj", "{29949C00-0E71-0C5C-D2C6-4C77F9BFB53A}"
EndProject
Global
	GlobalSection(SolutionConfigurationPlatforms) = preSolution
		Debug|Any CPU = Debug|Any CPU
		Release|Any CPU = Release|Any CPU
	EndGlobalSection
	GlobalSection(ProjectConfigurationPlatforms) = postSolution
		{A2F49F2B-A483-0059-1CBE-FB0D29C5590E}.Debug|Any CPU.ActiveCfg = Debug|Any CPU
		{A2F49F2B-A483-0059-1CBE-FB0D29C5590E}.Debug|Any CPU.Build.0 = Debug|Any CPU
		{A2F49F2B-A483-0059-1CBE-FB0D29C5590E}.Release|Any CPU.ActiveCfg = Release|Any CPU
		{A2F49F2B-A483-0059-1CBE-FB0D29C5590E}.Release|Any CPU.Build.0 = Release|Any CPU
		{29949C00-0E71-0C5C-D2C6-4C77F9BFB53A}.Debug|Any CPU.ActiveCfg = Debug|Any CPU
		{29949C00-0E71-0C5C-D2C6-4C77F9BFB53A}.Debug|Any CPU.Build.0 = Debug|Any CPU
		{29949C00-0E71-0C5C-D2C6-4C77F9BFB53A}.Release|Any CPU.ActiveCfg = Release|Any CPU
		{29949C00-0E71-0C5C-D2C6-4C77F9BFB53A}.Release|Any CPU.Build.0 = Release|Any CPU
	EndGlobalSection
	GlobalSection(SolutionProperties) = preSolution
		HideSolutionNode = FALSE
	EndGlobalSection
EndGlobal
