
Microsoft Visual Studio Solution File, Format Version 12.00
# Visual Studio for Mac
Project("{FAE04EC0-301F-11D3-BF4B-00C04F79EFBC}") = "word-flood", "word-flood.csproj", "{4CF45FC0-87E8-2400-4D29-C6384AFAFC96}"
EndProject
Project("{FAE04EC0-301F-11D3-BF4B-00C04F79EFBC}") = "word-flood.Editor", "word-flood.Editor.csproj", "{313B3697-A421-2858-93FD-37A245E05F4B}"
EndProject
Global
	GlobalSection(SolutionConfigurationPlatforms) = preSolution
		Debug|Any CPU = Debug|Any CPU
		Release|Any CPU = Release|Any CPU
	EndGlobalSection
	GlobalSection(ProjectConfigurationPlatforms) = postSolution
		{4CF45FC0-87E8-2400-4D29-C6384AFAFC96}.Debug|Any CPU.ActiveCfg = Debug|Any CPU
		{4CF45FC0-87E8-2400-4D29-C6384AFAFC96}.Debug|Any CPU.Build.0 = Debug|Any CPU
		{4CF45FC0-87E8-2400-4D29-C6384AFAFC96}.Release|Any CPU.ActiveCfg = Release|Any CPU
		{4CF45FC0-87E8-2400-4D29-C6384AFAFC96}.Release|Any CPU.Build.0 = Release|Any CPU
		{313B3697-A421-2858-93FD-37A245E05F4B}.Debug|Any CPU.ActiveCfg = Debug|Any CPU
		{313B3697-A421-2858-93FD-37A245E05F4B}.Debug|Any CPU.Build.0 = Debug|Any CPU
		{313B3697-A421-2858-93FD-37A245E05F4B}.Release|Any CPU.ActiveCfg = Release|Any CPU
		{313B3697-A421-2858-93FD-37A245E05F4B}.Release|Any CPU.Build.0 = Release|Any CPU
	EndGlobalSection
	GlobalSection(SolutionProperties) = preSolution
		HideSolutionNode = FALSE
	EndGlobalSection
EndGlobal
