
Microsoft Visual Studio Solution File, Format Version 11.00
# Visual Studio 2010
Project("{FAE04EC0-301F-11D3-BF4B-00C04F79EFBC}") = "word-deluge", "Assembly-CSharp.csproj", "{1BBC96E8-07E9-1B90-F6DA-202257137B50}"
EndProject
Global
	GlobalSection(SolutionConfigurationPlatforms) = preSolution
		Debug|Any CPU = Debug|Any CPU
		Release|Any CPU = Release|Any CPU
	EndGlobalSection
	GlobalSection(ProjectConfigurationPlatforms) = postSolution
		{1BBC96E8-07E9-1B90-F6DA-202257137B50}.Debug|Any CPU.ActiveCfg = Debug|Any CPU
		{1BBC96E8-07E9-1B90-F6DA-202257137B50}.Debug|Any CPU.Build.0 = Debug|Any CPU
		{1BBC96E8-07E9-1B90-F6DA-202257137B50}.Release|Any CPU.ActiveCfg = Release|Any CPU
		{1BBC96E8-07E9-1B90-F6DA-202257137B50}.Release|Any CPU.Build.0 = Release|Any CPU
	EndGlobalSection
	GlobalSection(SolutionProperties) = preSolution
		HideSolutionNode = FALSE
	EndGlobalSection
	GlobalSection(MonoDevelopProperties) = preSolution
		StartupItem = Assembly-CSharp.csproj
	EndGlobalSection
EndGlobal
